github.com/baely/balance v0.0.0-20240807131852-73ff18d1441d h1:cXGdK4j4gl4D5QKvVSlaupKZzummn9xLQRQa0rqL4aI=
github.com/baely/balance v0.0.0-20240807131852-73ff18d1441d/go.mod h1:V3GKwFPvV2/FP00I/BcQXCDqZ1fuJb2rfuHQtvYuIAw=
github.com/go-chi/chi/v5 v5.2.0 h1:Aj1EtB0qR2Rdo2dG4O94RIU35w2lvQSj6BRA4+qwFL0=
github.com/go-chi/chi/v5 v5.2.0/go.mod h1:DslCQbL2OYiznFReuXYUmQ2hGd1aDpCnlMNITLSKoi8=
github.com/go-chi/hostrouter v0.3.0 h1:75it1eO3FvkG8te1CvU6Kvr3WzAZNEBbo8xIrxUKLOQ=
github.com/go-chi/hostrouter v0.3.0/go.mod h1:KLB+7PH/ceOr6FCmMyWD2Dmql/clpOe+y7I7CUeTkaQ=
github.com/lib/pq v1.10.9 h1:YXG7RB+JIjhP29X+OtkiDnYaXQwpS4JEWq7dtCCRUEw=
github.com/lib/pq v1.10.9/go.mod h1:AlVN5x4E4T544tWzH6hKfbfQvm3HdbOxrmggDNAPY9o=
